
Microsoft Visual Studio Solution File, Format Version 12.00
# Visual Studio Version 17
VisualStudioVersion = 17.11.35327.3
MinimumVisualStudioVersion = 10.0.40219.1
Project("{2150E333-8FDC-42A3-9474-1A3956D46DE8}") = "Core", "Core", "{F4F43E83-E8A2-4485-A5BC-35677599B3AB}"
EndProject
Project("{2150E333-8FDC-42A3-9474-1A3956D46DE8}") = "Hosts", "Hosts", "{389EC925-9F53-43EE-BF25-FAEBD04AC1C7}"
EndProject
Project("{2150E333-8FDC-42A3-9474-1A3956D46DE8}") = "Frameworks", "Frameworks", "{4C961A20-F14A-4EA7-B341-6D46FE7BE137}"
EndProject
Project("{2150E333-8FDC-42A3-9474-1A3956D46DE8}") = "Projects", "Projects", "{AF41CBC7-34A3-4E95-BA4F-F70E28BA7310}"
EndProject
Project("{9A19103F-16F7-4668-BE54-9A1E7A4F7556}") = "Website.Client", "src\Hosts\Client\Website.Client.csproj", "{A16F37F2-D4D3-446E-AC71-E09F894C1343}"
EndProject
Project("{9A19103F-16F7-4668-BE54-9A1E7A4F7556}") = "Website.Server", "src\Hosts\Server\Website.Server.csproj", "{773DC2F6-A8EE-4048-8837-01350213A52D}"
EndProject
Project("{9A19103F-16F7-4668-BE54-9A1E7A4F7556}") = "Website.Core", "src\Core\Website.Core\Website.Core.csproj", "{FC0BCDE0-B84A-4F4D-B9CD-F67EEB6F8996}"
EndProject
Project("{9A19103F-16F7-4668-BE54-9A1E7A4F7556}") = "Website.Core.Abstractions", "src\Core\Website.Core.Abstractions\Website.Core.Abstractions.csproj", "{48B45DB9-2D74-42AE-8EE4-5957EB1C3A63}"
EndProject
Project("{9A19103F-16F7-4668-BE54-9A1E7A4F7556}") = "Website.Core.Client", "src\Core\Website.Core.Client\Website.Core.Client.csproj", "{A151C169-6F03-4401-A974-84BAB2EA8223}"
EndProject
Project("{9A19103F-16F7-4668-BE54-9A1E7A4F7556}") = "Website.Core.Server", "src\Core\Website.Core.Server\Website.Core.Server.csproj", "{C852F590-C805-4201-8188-AF6DBF3BA1C1}"
EndProject
Project("{9A19103F-16F7-4668-BE54-9A1E7A4F7556}") = "Projects.Api", "src\Frameworks\Projects\Projects.Api\Projects.Api.csproj", "{D8DEBDBE-1A1C-484C-9CFC-4F62FB432C7B}"
EndProject
Project("{9A19103F-16F7-4668-BE54-9A1E7A4F7556}") = "Projects.Application", "src\Frameworks\Projects\Projects.Application\Projects.Application.csproj", "{1B86DFF1-DA3F-4D62-A127-3CF32967561B}"
EndProject
Project("{9A19103F-16F7-4668-BE54-9A1E7A4F7556}") = "Projects.Domain", "src\Frameworks\Projects\Projects.Domain\Projects.Domain.csproj", "{055839FF-4192-4418-87E4-003A873F78D8}"
EndProject
Project("{9A19103F-16F7-4668-BE54-9A1E7A4F7556}") = "Projects.Infrastructure", "src\Frameworks\Projects\Projects.Infrastructure\Projects.Infrastructure.csproj", "{76EEC640-3DDD-40C6-889C-302924B85293}"
EndProject
Project("{9A19103F-16F7-4668-BE54-9A1E7A4F7556}") = "Projects.Shared", "src\Frameworks\Projects\Projects.Shared\Projects.Shared.csproj", "{0D541114-801E-41D0-9A9C-EF267872B51E}"
EndProject
Project("{9A19103F-16F7-4668-BE54-9A1E7A4F7556}") = "Projects.UnitTests", "tests\Projects.UnitTests\Projects.UnitTests\Projects.UnitTests.csproj", "{1FC65260-07C1-48BD-8512-C6235F91FA02}"
EndProject
Project("{2150E333-8FDC-42A3-9474-1A3956D46DE8}") = "Tests", "Tests", "{9115751B-BF78-4E45-87D9-CF50859405AB}"
EndProject
Global
	GlobalSection(SolutionConfigurationPlatforms) = preSolution
		Debug|Any CPU = Debug|Any CPU
		Release|Any CPU = Release|Any CPU
	EndGlobalSection
	GlobalSection(ProjectConfigurationPlatforms) = postSolution
		{A16F37F2-D4D3-446E-AC71-E09F894C1343}.Debug|Any CPU.ActiveCfg = Debug|Any CPU
		{A16F37F2-D4D3-446E-AC71-E09F894C1343}.Debug|Any CPU.Build.0 = Debug|Any CPU
		{A16F37F2-D4D3-446E-AC71-E09F894C1343}.Release|Any CPU.ActiveCfg = Release|Any CPU
		{A16F37F2-D4D3-446E-AC71-E09F894C1343}.Release|Any CPU.Build.0 = Release|Any CPU
		{773DC2F6-A8EE-4048-8837-01350213A52D}.Debug|Any CPU.ActiveCfg = Debug|Any CPU
		{773DC2F6-A8EE-4048-8837-01350213A52D}.Debug|Any CPU.Build.0 = Debug|Any CPU
		{773DC2F6-A8EE-4048-8837-01350213A52D}.Release|Any CPU.ActiveCfg = Release|Any CPU
		{773DC2F6-A8EE-4048-8837-01350213A52D}.Release|Any CPU.Build.0 = Release|Any CPU
		{FC0BCDE0-B84A-4F4D-B9CD-F67EEB6F8996}.Debug|Any CPU.ActiveCfg = Debug|Any CPU
		{FC0BCDE0-B84A-4F4D-B9CD-F67EEB6F8996}.Debug|Any CPU.Build.0 = Debug|Any CPU
		{FC0BCDE0-B84A-4F4D-B9CD-F67EEB6F8996}.Release|Any CPU.ActiveCfg = Release|Any CPU
		{FC0BCDE0-B84A-4F4D-B9CD-F67EEB6F8996}.Release|Any CPU.Build.0 = Release|Any CPU
		{48B45DB9-2D74-42AE-8EE4-5957EB1C3A63}.Debug|Any CPU.ActiveCfg = Debug|Any CPU
		{48B45DB9-2D74-42AE-8EE4-5957EB1C3A63}.Debug|Any CPU.Build.0 = Debug|Any CPU
		{48B45DB9-2D74-42AE-8EE4-5957EB1C3A63}.Release|Any CPU.ActiveCfg = Release|Any CPU
		{48B45DB9-2D74-42AE-8EE4-5957EB1C3A63}.Release|Any CPU.Build.0 = Release|Any CPU
		{A151C169-6F03-4401-A974-84BAB2EA8223}.Debug|Any CPU.ActiveCfg = Debug|Any CPU
		{A151C169-6F03-4401-A974-84BAB2EA8223}.Debug|Any CPU.Build.0 = Debug|Any CPU
		{A151C169-6F03-4401-A974-84BAB2EA8223}.Release|Any CPU.ActiveCfg = Release|Any CPU
		{A151C169-6F03-4401-A974-84BAB2EA8223}.Release|Any CPU.Build.0 = Release|Any CPU
		{C852F590-C805-4201-8188-AF6DBF3BA1C1}.Debug|Any CPU.ActiveCfg = Debug|Any CPU
		{C852F590-C805-4201-8188-AF6DBF3BA1C1}.Debug|Any CPU.Build.0 = Debug|Any CPU
		{C852F590-C805-4201-8188-AF6DBF3BA1C1}.Release|Any CPU.ActiveCfg = Release|Any CPU
		{C852F590-C805-4201-8188-AF6DBF3BA1C1}.Release|Any CPU.Build.0 = Release|Any CPU
		{D8DEBDBE-1A1C-484C-9CFC-4F62FB432C7B}.Debug|Any CPU.ActiveCfg = Debug|Any CPU
		{D8DEBDBE-1A1C-484C-9CFC-4F62FB432C7B}.Debug|Any CPU.Build.0 = Debug|Any CPU
		{D8DEBDBE-1A1C-484C-9CFC-4F62FB432C7B}.Release|Any CPU.ActiveCfg = Release|Any CPU
		{D8DEBDBE-1A1C-484C-9CFC-4F62FB432C7B}.Release|Any CPU.Build.0 = Release|Any CPU
		{1B86DFF1-DA3F-4D62-A127-3CF32967561B}.Debug|Any CPU.ActiveCfg = Debug|Any CPU
		{1B86DFF1-DA3F-4D62-A127-3CF32967561B}.Debug|Any CPU.Build.0 = Debug|Any CPU
		{1B86DFF1-DA3F-4D62-A127-3CF32967561B}.Release|Any CPU.ActiveCfg = Release|Any CPU
		{1B86DFF1-DA3F-4D62-A127-3CF32967561B}.Release|Any CPU.Build.0 = Release|Any CPU
		{055839FF-4192-4418-87E4-003A873F78D8}.Debug|Any CPU.ActiveCfg = Debug|Any CPU
		{055839FF-4192-4418-87E4-003A873F78D8}.Debug|Any CPU.Build.0 = Debug|Any CPU
		{055839FF-4192-4418-87E4-003A873F78D8}.Release|Any CPU.ActiveCfg = Release|Any CPU
		{055839FF-4192-4418-87E4-003A873F78D8}.Release|Any CPU.Build.0 = Release|Any CPU
		{76EEC640-3DDD-40C6-889C-302924B85293}.Debug|Any CPU.ActiveCfg = Debug|Any CPU
		{76EEC640-3DDD-40C6-889C-302924B85293}.Debug|Any CPU.Build.0 = Debug|Any CPU
		{76EEC640-3DDD-40C6-889C-302924B85293}.Release|Any CPU.ActiveCfg = Release|Any CPU
		{76EEC640-3DDD-40C6-889C-302924B85293}.Release|Any CPU.Build.0 = Release|Any CPU
		{0D541114-801E-41D0-9A9C-EF267872B51E}.Debug|Any CPU.ActiveCfg = Debug|Any CPU
		{0D541114-801E-41D0-9A9C-EF267872B51E}.Debug|Any CPU.Build.0 = Debug|Any CPU
		{0D541114-801E-41D0-9A9C-EF267872B51E}.Release|Any CPU.ActiveCfg = Release|Any CPU
		{0D541114-801E-41D0-9A9C-EF267872B51E}.Release|Any CPU.Build.0 = Release|Any CPU
		{1FC65260-07C1-48BD-8512-C6235F91FA02}.Debug|Any CPU.ActiveCfg = Debug|Any CPU
		{1FC65260-07C1-48BD-8512-C6235F91FA02}.Debug|Any CPU.Build.0 = Debug|Any CPU
		{1FC65260-07C1-48BD-8512-C6235F91FA02}.Release|Any CPU.ActiveCfg = Release|Any CPU
		{1FC65260-07C1-48BD-8512-C6235F91FA02}.Release|Any CPU.Build.0 = Release|Any CPU
	EndGlobalSection
	GlobalSection(SolutionProperties) = preSolution
		HideSolutionNode = FALSE
	EndGlobalSection
	GlobalSection(NestedProjects) = preSolution
		{AF41CBC7-34A3-4E95-BA4F-F70E28BA7310} = {4C961A20-F14A-4EA7-B341-6D46FE7BE137}
		{A16F37F2-D4D3-446E-AC71-E09F894C1343} = {389EC925-9F53-43EE-BF25-FAEBD04AC1C7}
		{773DC2F6-A8EE-4048-8837-01350213A52D} = {389EC925-9F53-43EE-BF25-FAEBD04AC1C7}
		{FC0BCDE0-B84A-4F4D-B9CD-F67EEB6F8996} = {F4F43E83-E8A2-4485-A5BC-35677599B3AB}
		{48B45DB9-2D74-42AE-8EE4-5957EB1C3A63} = {F4F43E83-E8A2-4485-A5BC-35677599B3AB}
		{A151C169-6F03-4401-A974-84BAB2EA8223} = {F4F43E83-E8A2-4485-A5BC-35677599B3AB}
		{C852F590-C805-4201-8188-AF6DBF3BA1C1} = {F4F43E83-E8A2-4485-A5BC-35677599B3AB}
		{D8DEBDBE-1A1C-484C-9CFC-4F62FB432C7B} = {AF41CBC7-34A3-4E95-BA4F-F70E28BA7310}
		{1B86DFF1-DA3F-4D62-A127-3CF32967561B} = {AF41CBC7-34A3-4E95-BA4F-F70E28BA7310}
		{055839FF-4192-4418-87E4-003A873F78D8} = {AF41CBC7-34A3-4E95-BA4F-F70E28BA7310}
		{76EEC640-3DDD-40C6-889C-302924B85293} = {AF41CBC7-34A3-4E95-BA4F-F70E28BA7310}
		{0D541114-801E-41D0-9A9C-EF267872B51E} = {AF41CBC7-34A3-4E95-BA4F-F70E28BA7310}
		{1FC65260-07C1-48BD-8512-C6235F91FA02} = {9115751B-BF78-4E45-87D9-CF50859405AB}
		{9115751B-BF78-4E45-87D9-CF50859405AB} = {AF41CBC7-34A3-4E95-BA4F-F70E28BA7310}
	EndGlobalSection
	GlobalSection(ExtensibilityGlobals) = postSolution
		SolutionGuid = {34BBFDC4-A9C1-40B7-AE05-09DF7EFD3406}
	EndGlobalSection
EndGlobal
