
Microsoft Visual Studio Solution File, Format Version 12.00
# Visual Studio Version 17
VisualStudioVersion = 17.11.35327.3
MinimumVisualStudioVersion = 10.0.40219.1
Project("{FAE04EC0-301F-11D3-BF4B-00C04F79EFBC}") = "Website.Server", "MudBlazorWebApp1\MudBlazorWebApp1\Website.Server.csproj", "{D0900A22-AF01-49BE-900E-B6B324C3EFFF}"
EndProject
Project("{FAE04EC0-301F-11D3-BF4B-00C04F79EFBC}") = "Website.Client", "MudBlazorWebApp1\MudBlazorWebApp1.Client\Website.Client.csproj", "{C5339829-6427-45D4-9ACE-06657E259842}"
EndProject
Project("{2150E333-8FDC-42A3-9474-1A3956D46DE8}") = "Core", "Core", "{F4F43E83-E8A2-4485-A5BC-35677599B3AB}"
EndProject
Project("{9A19103F-16F7-4668-BE54-9A1E7A4F7556}") = "Website.Core", "MudBlazorWebApp1\Core\Website.Core\Website.Core.csproj", "{BD42D97B-8668-40C6-A4D9-CF60C96DAF5E}"
EndProject
Project("{9A19103F-16F7-4668-BE54-9A1E7A4F7556}") = "Website.Core.Abstractions", "MudBlazorWebApp1\Core\Website.Core.Abstractions\Website.Core.Abstractions.csproj", "{10CBDEC9-F18A-4D73-AEBF-9B787A1E49BE}"
EndProject
Project("{9A19103F-16F7-4668-BE54-9A1E7A4F7556}") = "Website.Core.Client", "MudBlazorWebApp1\Core\Website.Core.Client\Website.Core.Client.csproj", "{481E8C79-1013-44C9-91A6-0A110EBCF1CB}"
EndProject
Project("{9A19103F-16F7-4668-BE54-9A1E7A4F7556}") = "Website.Core.Server", "MudBlazorWebApp1\Core\Website.Core.Server\Website.Core.Server.csproj", "{761F627B-8154-4F4A-A22D-65BE4254F79F}"
EndProject
Project("{2150E333-8FDC-42A3-9474-1A3956D46DE8}") = "Hosts", "Hosts", "{389EC925-9F53-43EE-BF25-FAEBD04AC1C7}"
EndProject
Project("{2150E333-8FDC-42A3-9474-1A3956D46DE8}") = "Frameworks", "Frameworks", "{4C961A20-F14A-4EA7-B341-6D46FE7BE137}"
EndProject
Project("{2150E333-8FDC-42A3-9474-1A3956D46DE8}") = "Projects", "Projects", "{AF41CBC7-34A3-4E95-BA4F-F70E28BA7310}"
EndProject
Project("{FAE04EC0-301F-11D3-BF4B-00C04F79EFBC}") = "Projects.Application", "MudBlazorWebApp1\Frameworks\Projects\Projects.Application\Projects.Application.csproj", "{569C1C34-86AB-44FF-AF12-B264D22204A6}"
EndProject
Project("{FAE04EC0-301F-11D3-BF4B-00C04F79EFBC}") = "Projects.Domain", "MudBlazorWebApp1\Frameworks\Projects\Projects.Domain\Projects.Domain.csproj", "{72CD066A-1E99-44EC-B832-589B8836A0DB}"
EndProject
Project("{FAE04EC0-301F-11D3-BF4B-00C04F79EFBC}") = "Projects.Infrastructure", "MudBlazorWebApp1\Frameworks\Projects\Projects.Infrastructure\Projects.Infrastructure.csproj", "{5F44C9B5-4919-42FC-BFC7-45E818EB016D}"
EndProject
Project("{FAE04EC0-301F-11D3-BF4B-00C04F79EFBC}") = "Projects.Shared", "MudBlazorWebApp1\Frameworks\Projects\Projects.Shared\Projects.Shared.csproj", "{F1118E7B-F92B-4A72-964D-87770CAC2292}"
EndProject
Project("{FAE04EC0-301F-11D3-BF4B-00C04F79EFBC}") = "Projects.Api", "MudBlazorWebApp1\Frameworks\Projects\Projects.Api\Projects.Api.csproj", "{A4408920-5932-437D-9820-3CA6C2E3A97B}"
EndProject
Global
	GlobalSection(SolutionConfigurationPlatforms) = preSolution
		Debug|Any CPU = Debug|Any CPU
		Release|Any CPU = Release|Any CPU
	EndGlobalSection
	GlobalSection(ProjectConfigurationPlatforms) = postSolution
		{D0900A22-AF01-49BE-900E-B6B324C3EFFF}.Debug|Any CPU.ActiveCfg = Debug|Any CPU
		{D0900A22-AF01-49BE-900E-B6B324C3EFFF}.Debug|Any CPU.Build.0 = Debug|Any CPU
		{D0900A22-AF01-49BE-900E-B6B324C3EFFF}.Release|Any CPU.ActiveCfg = Release|Any CPU
		{D0900A22-AF01-49BE-900E-B6B324C3EFFF}.Release|Any CPU.Build.0 = Release|Any CPU
		{C5339829-6427-45D4-9ACE-06657E259842}.Debug|Any CPU.ActiveCfg = Debug|Any CPU
		{C5339829-6427-45D4-9ACE-06657E259842}.Debug|Any CPU.Build.0 = Debug|Any CPU
		{C5339829-6427-45D4-9ACE-06657E259842}.Release|Any CPU.ActiveCfg = Release|Any CPU
		{C5339829-6427-45D4-9ACE-06657E259842}.Release|Any CPU.Build.0 = Release|Any CPU
		{BD42D97B-8668-40C6-A4D9-CF60C96DAF5E}.Debug|Any CPU.ActiveCfg = Debug|Any CPU
		{BD42D97B-8668-40C6-A4D9-CF60C96DAF5E}.Debug|Any CPU.Build.0 = Debug|Any CPU
		{BD42D97B-8668-40C6-A4D9-CF60C96DAF5E}.Release|Any CPU.ActiveCfg = Release|Any CPU
		{BD42D97B-8668-40C6-A4D9-CF60C96DAF5E}.Release|Any CPU.Build.0 = Release|Any CPU
		{10CBDEC9-F18A-4D73-AEBF-9B787A1E49BE}.Debug|Any CPU.ActiveCfg = Debug|Any CPU
		{10CBDEC9-F18A-4D73-AEBF-9B787A1E49BE}.Debug|Any CPU.Build.0 = Debug|Any CPU
		{10CBDEC9-F18A-4D73-AEBF-9B787A1E49BE}.Release|Any CPU.ActiveCfg = Release|Any CPU
		{10CBDEC9-F18A-4D73-AEBF-9B787A1E49BE}.Release|Any CPU.Build.0 = Release|Any CPU
		{481E8C79-1013-44C9-91A6-0A110EBCF1CB}.Debug|Any CPU.ActiveCfg = Debug|Any CPU
		{481E8C79-1013-44C9-91A6-0A110EBCF1CB}.Debug|Any CPU.Build.0 = Debug|Any CPU
		{481E8C79-1013-44C9-91A6-0A110EBCF1CB}.Release|Any CPU.ActiveCfg = Release|Any CPU
		{481E8C79-1013-44C9-91A6-0A110EBCF1CB}.Release|Any CPU.Build.0 = Release|Any CPU
		{761F627B-8154-4F4A-A22D-65BE4254F79F}.Debug|Any CPU.ActiveCfg = Debug|Any CPU
		{761F627B-8154-4F4A-A22D-65BE4254F79F}.Debug|Any CPU.Build.0 = Debug|Any CPU
		{761F627B-8154-4F4A-A22D-65BE4254F79F}.Release|Any CPU.ActiveCfg = Release|Any CPU
		{761F627B-8154-4F4A-A22D-65BE4254F79F}.Release|Any CPU.Build.0 = Release|Any CPU
		{569C1C34-86AB-44FF-AF12-B264D22204A6}.Debug|Any CPU.ActiveCfg = Debug|Any CPU
		{569C1C34-86AB-44FF-AF12-B264D22204A6}.Debug|Any CPU.Build.0 = Debug|Any CPU
		{569C1C34-86AB-44FF-AF12-B264D22204A6}.Release|Any CPU.ActiveCfg = Release|Any CPU
		{569C1C34-86AB-44FF-AF12-B264D22204A6}.Release|Any CPU.Build.0 = Release|Any CPU
		{72CD066A-1E99-44EC-B832-589B8836A0DB}.Debug|Any CPU.ActiveCfg = Debug|Any CPU
		{72CD066A-1E99-44EC-B832-589B8836A0DB}.Debug|Any CPU.Build.0 = Debug|Any CPU
		{72CD066A-1E99-44EC-B832-589B8836A0DB}.Release|Any CPU.ActiveCfg = Release|Any CPU
		{72CD066A-1E99-44EC-B832-589B8836A0DB}.Release|Any CPU.Build.0 = Release|Any CPU
		{5F44C9B5-4919-42FC-BFC7-45E818EB016D}.Debug|Any CPU.ActiveCfg = Debug|Any CPU
		{5F44C9B5-4919-42FC-BFC7-45E818EB016D}.Debug|Any CPU.Build.0 = Debug|Any CPU
		{5F44C9B5-4919-42FC-BFC7-45E818EB016D}.Release|Any CPU.ActiveCfg = Release|Any CPU
		{5F44C9B5-4919-42FC-BFC7-45E818EB016D}.Release|Any CPU.Build.0 = Release|Any CPU
		{F1118E7B-F92B-4A72-964D-87770CAC2292}.Debug|Any CPU.ActiveCfg = Debug|Any CPU
		{F1118E7B-F92B-4A72-964D-87770CAC2292}.Debug|Any CPU.Build.0 = Debug|Any CPU
		{F1118E7B-F92B-4A72-964D-87770CAC2292}.Release|Any CPU.ActiveCfg = Release|Any CPU
		{F1118E7B-F92B-4A72-964D-87770CAC2292}.Release|Any CPU.Build.0 = Release|Any CPU
		{A4408920-5932-437D-9820-3CA6C2E3A97B}.Debug|Any CPU.ActiveCfg = Debug|Any CPU
		{A4408920-5932-437D-9820-3CA6C2E3A97B}.Debug|Any CPU.Build.0 = Debug|Any CPU
		{A4408920-5932-437D-9820-3CA6C2E3A97B}.Release|Any CPU.ActiveCfg = Release|Any CPU
		{A4408920-5932-437D-9820-3CA6C2E3A97B}.Release|Any CPU.Build.0 = Release|Any CPU
	EndGlobalSection
	GlobalSection(SolutionProperties) = preSolution
		HideSolutionNode = FALSE
	EndGlobalSection
	GlobalSection(NestedProjects) = preSolution
		{D0900A22-AF01-49BE-900E-B6B324C3EFFF} = {389EC925-9F53-43EE-BF25-FAEBD04AC1C7}
		{C5339829-6427-45D4-9ACE-06657E259842} = {389EC925-9F53-43EE-BF25-FAEBD04AC1C7}
		{BD42D97B-8668-40C6-A4D9-CF60C96DAF5E} = {F4F43E83-E8A2-4485-A5BC-35677599B3AB}
		{10CBDEC9-F18A-4D73-AEBF-9B787A1E49BE} = {F4F43E83-E8A2-4485-A5BC-35677599B3AB}
		{481E8C79-1013-44C9-91A6-0A110EBCF1CB} = {F4F43E83-E8A2-4485-A5BC-35677599B3AB}
		{761F627B-8154-4F4A-A22D-65BE4254F79F} = {F4F43E83-E8A2-4485-A5BC-35677599B3AB}
		{AF41CBC7-34A3-4E95-BA4F-F70E28BA7310} = {4C961A20-F14A-4EA7-B341-6D46FE7BE137}
		{569C1C34-86AB-44FF-AF12-B264D22204A6} = {AF41CBC7-34A3-4E95-BA4F-F70E28BA7310}
		{72CD066A-1E99-44EC-B832-589B8836A0DB} = {AF41CBC7-34A3-4E95-BA4F-F70E28BA7310}
		{5F44C9B5-4919-42FC-BFC7-45E818EB016D} = {AF41CBC7-34A3-4E95-BA4F-F70E28BA7310}
		{F1118E7B-F92B-4A72-964D-87770CAC2292} = {AF41CBC7-34A3-4E95-BA4F-F70E28BA7310}
		{A4408920-5932-437D-9820-3CA6C2E3A97B} = {AF41CBC7-34A3-4E95-BA4F-F70E28BA7310}
	EndGlobalSection
	GlobalSection(ExtensibilityGlobals) = postSolution
		SolutionGuid = {34BBFDC4-A9C1-40B7-AE05-09DF7EFD3406}
	EndGlobalSection
EndGlobal
