
Microsoft Visual Studio Solution File, Format Version 12.00
# Visual Studio Version 17
VisualStudioVersion = 17.11.35327.3
MinimumVisualStudioVersion = 10.0.40219.1
Project("{2150E333-8FDC-42A3-9474-1A3956D46DE8}") = "Core", "Core", "{F4F43E83-E8A2-4485-A5BC-35677599B3AB}"
EndProject
Project("{2150E333-8FDC-42A3-9474-1A3956D46DE8}") = "Hosts", "Hosts", "{389EC925-9F53-43EE-BF25-FAEBD04AC1C7}"
EndProject
Project("{2150E333-8FDC-42A3-9474-1A3956D46DE8}") = "Frameworks", "Frameworks", "{4C961A20-F14A-4EA7-B341-6D46FE7BE137}"
EndProject
Project("{2150E333-8FDC-42A3-9474-1A3956D46DE8}") = "Projects", "Projects", "{AF41CBC7-34A3-4E95-BA4F-F70E28BA7310}"
EndProject
Project("{9A19103F-16F7-4668-BE54-9A1E7A4F7556}") = "Website.Client", "Example\Hosts\Client\Website.Client.csproj", "{CC500087-45BD-4287-B2D2-89366489E66F}"
EndProject
Project("{9A19103F-16F7-4668-BE54-9A1E7A4F7556}") = "Website.Server", "Example\Hosts\Server\Website.Server.csproj", "{A0F05B24-1B94-43E7-9748-FC568901F629}"
EndProject
Project("{9A19103F-16F7-4668-BE54-9A1E7A4F7556}") = "Projects.Api", "Example\Frameworks\Projects\Projects.Api\Projects.Api.csproj", "{BBE660B2-3CFC-4604-9584-B48EEC1615F3}"
EndProject
Project("{9A19103F-16F7-4668-BE54-9A1E7A4F7556}") = "Projects.Application", "Example\Frameworks\Projects\Projects.Application\Projects.Application.csproj", "{C75DC93D-E75A-4B37-B38E-36FA49805231}"
EndProject
Project("{9A19103F-16F7-4668-BE54-9A1E7A4F7556}") = "Projects.Domain", "Example\Frameworks\Projects\Projects.Domain\Projects.Domain.csproj", "{C5E28B49-DB50-47C3-AA3A-BE5F6B60A71E}"
EndProject
Project("{9A19103F-16F7-4668-BE54-9A1E7A4F7556}") = "Projects.Infrastructure", "Example\Frameworks\Projects\Projects.Infrastructure\Projects.Infrastructure.csproj", "{6EC5198B-802D-41FD-9BDC-03BAD9C56F06}"
EndProject
Project("{9A19103F-16F7-4668-BE54-9A1E7A4F7556}") = "Projects.Shared", "Example\Frameworks\Projects\Projects.Shared\Projects.Shared.csproj", "{E23F15A8-88F1-4D20-9EF6-E87CECBE84A9}"
EndProject
Project("{9A19103F-16F7-4668-BE54-9A1E7A4F7556}") = "Website.Core", "Example\Core\Website.Core\Website.Core.csproj", "{58EC7542-CE06-4EA7-A7C0-3775BD566A3F}"
EndProject
Project("{9A19103F-16F7-4668-BE54-9A1E7A4F7556}") = "Website.Core.Abstractions", "Example\Core\Website.Core.Abstractions\Website.Core.Abstractions.csproj", "{32DB9D78-C3A6-4E65-B8F9-F50B732EE256}"
EndProject
Project("{9A19103F-16F7-4668-BE54-9A1E7A4F7556}") = "Website.Core.Client", "Example\Core\Website.Core.Client\Website.Core.Client.csproj", "{8B7E93D6-EB95-4160-AE18-D34BDCBDECA1}"
EndProject
Project("{9A19103F-16F7-4668-BE54-9A1E7A4F7556}") = "Website.Core.Server", "Example\Core\Website.Core.Server\Website.Core.Server.csproj", "{F521BEF8-4471-4D6E-A85A-391427CA51AE}"
EndProject
Global
	GlobalSection(SolutionConfigurationPlatforms) = preSolution
		Debug|Any CPU = Debug|Any CPU
		Release|Any CPU = Release|Any CPU
	EndGlobalSection
	GlobalSection(ProjectConfigurationPlatforms) = postSolution
		{CC500087-45BD-4287-B2D2-89366489E66F}.Debug|Any CPU.ActiveCfg = Debug|Any CPU
		{CC500087-45BD-4287-B2D2-89366489E66F}.Debug|Any CPU.Build.0 = Debug|Any CPU
		{CC500087-45BD-4287-B2D2-89366489E66F}.Release|Any CPU.ActiveCfg = Release|Any CPU
		{CC500087-45BD-4287-B2D2-89366489E66F}.Release|Any CPU.Build.0 = Release|Any CPU
		{A0F05B24-1B94-43E7-9748-FC568901F629}.Debug|Any CPU.ActiveCfg = Debug|Any CPU
		{A0F05B24-1B94-43E7-9748-FC568901F629}.Debug|Any CPU.Build.0 = Debug|Any CPU
		{A0F05B24-1B94-43E7-9748-FC568901F629}.Release|Any CPU.ActiveCfg = Release|Any CPU
		{A0F05B24-1B94-43E7-9748-FC568901F629}.Release|Any CPU.Build.0 = Release|Any CPU
		{BBE660B2-3CFC-4604-9584-B48EEC1615F3}.Debug|Any CPU.ActiveCfg = Debug|Any CPU
		{BBE660B2-3CFC-4604-9584-B48EEC1615F3}.Debug|Any CPU.Build.0 = Debug|Any CPU
		{BBE660B2-3CFC-4604-9584-B48EEC1615F3}.Release|Any CPU.ActiveCfg = Release|Any CPU
		{BBE660B2-3CFC-4604-9584-B48EEC1615F3}.Release|Any CPU.Build.0 = Release|Any CPU
		{C75DC93D-E75A-4B37-B38E-36FA49805231}.Debug|Any CPU.ActiveCfg = Debug|Any CPU
		{C75DC93D-E75A-4B37-B38E-36FA49805231}.Debug|Any CPU.Build.0 = Debug|Any CPU
		{C75DC93D-E75A-4B37-B38E-36FA49805231}.Release|Any CPU.ActiveCfg = Release|Any CPU
		{C75DC93D-E75A-4B37-B38E-36FA49805231}.Release|Any CPU.Build.0 = Release|Any CPU
		{C5E28B49-DB50-47C3-AA3A-BE5F6B60A71E}.Debug|Any CPU.ActiveCfg = Debug|Any CPU
		{C5E28B49-DB50-47C3-AA3A-BE5F6B60A71E}.Debug|Any CPU.Build.0 = Debug|Any CPU
		{C5E28B49-DB50-47C3-AA3A-BE5F6B60A71E}.Release|Any CPU.ActiveCfg = Release|Any CPU
		{C5E28B49-DB50-47C3-AA3A-BE5F6B60A71E}.Release|Any CPU.Build.0 = Release|Any CPU
		{6EC5198B-802D-41FD-9BDC-03BAD9C56F06}.Debug|Any CPU.ActiveCfg = Debug|Any CPU
		{6EC5198B-802D-41FD-9BDC-03BAD9C56F06}.Debug|Any CPU.Build.0 = Debug|Any CPU
		{6EC5198B-802D-41FD-9BDC-03BAD9C56F06}.Release|Any CPU.ActiveCfg = Release|Any CPU
		{6EC5198B-802D-41FD-9BDC-03BAD9C56F06}.Release|Any CPU.Build.0 = Release|Any CPU
		{E23F15A8-88F1-4D20-9EF6-E87CECBE84A9}.Debug|Any CPU.ActiveCfg = Debug|Any CPU
		{E23F15A8-88F1-4D20-9EF6-E87CECBE84A9}.Debug|Any CPU.Build.0 = Debug|Any CPU
		{E23F15A8-88F1-4D20-9EF6-E87CECBE84A9}.Release|Any CPU.ActiveCfg = Release|Any CPU
		{E23F15A8-88F1-4D20-9EF6-E87CECBE84A9}.Release|Any CPU.Build.0 = Release|Any CPU
		{58EC7542-CE06-4EA7-A7C0-3775BD566A3F}.Debug|Any CPU.ActiveCfg = Debug|Any CPU
		{58EC7542-CE06-4EA7-A7C0-3775BD566A3F}.Debug|Any CPU.Build.0 = Debug|Any CPU
		{58EC7542-CE06-4EA7-A7C0-3775BD566A3F}.Release|Any CPU.ActiveCfg = Release|Any CPU
		{58EC7542-CE06-4EA7-A7C0-3775BD566A3F}.Release|Any CPU.Build.0 = Release|Any CPU
		{32DB9D78-C3A6-4E65-B8F9-F50B732EE256}.Debug|Any CPU.ActiveCfg = Debug|Any CPU
		{32DB9D78-C3A6-4E65-B8F9-F50B732EE256}.Debug|Any CPU.Build.0 = Debug|Any CPU
		{32DB9D78-C3A6-4E65-B8F9-F50B732EE256}.Release|Any CPU.ActiveCfg = Release|Any CPU
		{32DB9D78-C3A6-4E65-B8F9-F50B732EE256}.Release|Any CPU.Build.0 = Release|Any CPU
		{8B7E93D6-EB95-4160-AE18-D34BDCBDECA1}.Debug|Any CPU.ActiveCfg = Debug|Any CPU
		{8B7E93D6-EB95-4160-AE18-D34BDCBDECA1}.Debug|Any CPU.Build.0 = Debug|Any CPU
		{8B7E93D6-EB95-4160-AE18-D34BDCBDECA1}.Release|Any CPU.ActiveCfg = Release|Any CPU
		{8B7E93D6-EB95-4160-AE18-D34BDCBDECA1}.Release|Any CPU.Build.0 = Release|Any CPU
		{F521BEF8-4471-4D6E-A85A-391427CA51AE}.Debug|Any CPU.ActiveCfg = Debug|Any CPU
		{F521BEF8-4471-4D6E-A85A-391427CA51AE}.Debug|Any CPU.Build.0 = Debug|Any CPU
		{F521BEF8-4471-4D6E-A85A-391427CA51AE}.Release|Any CPU.ActiveCfg = Release|Any CPU
		{F521BEF8-4471-4D6E-A85A-391427CA51AE}.Release|Any CPU.Build.0 = Release|Any CPU
	EndGlobalSection
	GlobalSection(SolutionProperties) = preSolution
		HideSolutionNode = FALSE
	EndGlobalSection
	GlobalSection(NestedProjects) = preSolution
		{AF41CBC7-34A3-4E95-BA4F-F70E28BA7310} = {4C961A20-F14A-4EA7-B341-6D46FE7BE137}
		{CC500087-45BD-4287-B2D2-89366489E66F} = {389EC925-9F53-43EE-BF25-FAEBD04AC1C7}
		{A0F05B24-1B94-43E7-9748-FC568901F629} = {389EC925-9F53-43EE-BF25-FAEBD04AC1C7}
		{BBE660B2-3CFC-4604-9584-B48EEC1615F3} = {AF41CBC7-34A3-4E95-BA4F-F70E28BA7310}
		{C75DC93D-E75A-4B37-B38E-36FA49805231} = {AF41CBC7-34A3-4E95-BA4F-F70E28BA7310}
		{C5E28B49-DB50-47C3-AA3A-BE5F6B60A71E} = {AF41CBC7-34A3-4E95-BA4F-F70E28BA7310}
		{6EC5198B-802D-41FD-9BDC-03BAD9C56F06} = {AF41CBC7-34A3-4E95-BA4F-F70E28BA7310}
		{E23F15A8-88F1-4D20-9EF6-E87CECBE84A9} = {AF41CBC7-34A3-4E95-BA4F-F70E28BA7310}
		{58EC7542-CE06-4EA7-A7C0-3775BD566A3F} = {F4F43E83-E8A2-4485-A5BC-35677599B3AB}
		{32DB9D78-C3A6-4E65-B8F9-F50B732EE256} = {F4F43E83-E8A2-4485-A5BC-35677599B3AB}
		{8B7E93D6-EB95-4160-AE18-D34BDCBDECA1} = {F4F43E83-E8A2-4485-A5BC-35677599B3AB}
		{F521BEF8-4471-4D6E-A85A-391427CA51AE} = {F4F43E83-E8A2-4485-A5BC-35677599B3AB}
	EndGlobalSection
	GlobalSection(ExtensibilityGlobals) = postSolution
		SolutionGuid = {34BBFDC4-A9C1-40B7-AE05-09DF7EFD3406}
	EndGlobalSection
EndGlobal
